
Microsoft Visual Studio Solution File, Format Version 11.00
# Visual Studio 2010
Project("{FAE04EC0-301F-11D3-BF4B-00C04F79EFBC}") = "Assembly-CSharp", "Assembly-CSharp.csproj", "{274AF502-28E8-9D58-6799-7341399280DE}"
EndProject
Project("{FAE04EC0-301F-11D3-BF4B-00C04F79EFBC}") = "Assembly-CSharp-Editor", "Assembly-CSharp-Editor.csproj", "{729D05BC-A425-94DF-C338-C7841F22A8BC}"
EndProject
Global
	GlobalSection(SolutionConfigurationPlatforms) = preSolution
		Debug|Any CPU = Debug|Any CPU
		Release|Any CPU = Release|Any CPU
	EndGlobalSection
	GlobalSection(ProjectConfigurationPlatforms) = postSolution
		{274AF502-28E8-9D58-6799-7341399280DE}.Debug|Any CPU.ActiveCfg = Debug|Any CPU
		{274AF502-28E8-9D58-6799-7341399280DE}.Debug|Any CPU.Build.0 = Debug|Any CPU
		{274AF502-28E8-9D58-6799-7341399280DE}.Release|Any CPU.ActiveCfg = Release|Any CPU
		{274AF502-28E8-9D58-6799-7341399280DE}.Release|Any CPU.Build.0 = Release|Any CPU
		{729D05BC-A425-94DF-C338-C7841F22A8BC}.Debug|Any CPU.ActiveCfg = Debug|Any CPU
		{729D05BC-A425-94DF-C338-C7841F22A8BC}.Debug|Any CPU.Build.0 = Debug|Any CPU
		{729D05BC-A425-94DF-C338-C7841F22A8BC}.Release|Any CPU.ActiveCfg = Release|Any CPU
		{729D05BC-A425-94DF-C338-C7841F22A8BC}.Release|Any CPU.Build.0 = Release|Any CPU
	EndGlobalSection
	GlobalSection(SolutionProperties) = preSolution
		HideSolutionNode = FALSE
	EndGlobalSection
	GlobalSection(MonoDevelopProperties) = preSolution
		StartupItem = Assembly-CSharp.csproj
	EndGlobalSection
EndGlobal
