
Microsoft Visual Studio Solution File, Format Version 11.00
# Visual Studio 2010
Project("{FAE04EC0-301F-11D3-BF4B-00C04F79EFBC}") = "Assembly-CSharp", "Assembly-CSharp.csproj", "{6FC273F9-1CB3-B5B2-49A3-23B1106C3284}"
EndProject
Project("{FAE04EC0-301F-11D3-BF4B-00C04F79EFBC}") = "Oculus.VR", "Oculus.VR.csproj", "{EC880944-95C5-61AB-9E47-3913F2CFBF16}"
EndProject
Project("{FAE04EC0-301F-11D3-BF4B-00C04F79EFBC}") = "Oculus.VR.Scripts.Editor", "Oculus.VR.Scripts.Editor.csproj", "{7FBDDFCA-F527-60C2-6903-75BAAE336FE1}"
EndProject
Project("{FAE04EC0-301F-11D3-BF4B-00C04F79EFBC}") = "Oculus.VR.Editor", "Oculus.VR.Editor.csproj", "{9E686F57-2C1E-A1FA-8677-E6DFC0E799BA}"
EndProject
Project("{FAE04EC0-301F-11D3-BF4B-00C04F79EFBC}") = "Assembly-CSharp-Editor", "Assembly-CSharp-Editor.csproj", "{D8F171C7-29CE-37BF-B5EA-225A2CA74D3B}"
EndProject
Global
	GlobalSection(SolutionConfigurationPlatforms) = preSolution
		Debug|Any CPU = Debug|Any CPU
		Release|Any CPU = Release|Any CPU
	EndGlobalSection
	GlobalSection(ProjectConfigurationPlatforms) = postSolution
		{6FC273F9-1CB3-B5B2-49A3-23B1106C3284}.Debug|Any CPU.ActiveCfg = Debug|Any CPU
		{6FC273F9-1CB3-B5B2-49A3-23B1106C3284}.Debug|Any CPU.Build.0 = Debug|Any CPU
		{6FC273F9-1CB3-B5B2-49A3-23B1106C3284}.Release|Any CPU.ActiveCfg = Release|Any CPU
		{6FC273F9-1CB3-B5B2-49A3-23B1106C3284}.Release|Any CPU.Build.0 = Release|Any CPU
		{EC880944-95C5-61AB-9E47-3913F2CFBF16}.Debug|Any CPU.ActiveCfg = Debug|Any CPU
		{EC880944-95C5-61AB-9E47-3913F2CFBF16}.Debug|Any CPU.Build.0 = Debug|Any CPU
		{EC880944-95C5-61AB-9E47-3913F2CFBF16}.Release|Any CPU.ActiveCfg = Release|Any CPU
		{EC880944-95C5-61AB-9E47-3913F2CFBF16}.Release|Any CPU.Build.0 = Release|Any CPU
		{7FBDDFCA-F527-60C2-6903-75BAAE336FE1}.Debug|Any CPU.ActiveCfg = Debug|Any CPU
		{7FBDDFCA-F527-60C2-6903-75BAAE336FE1}.Debug|Any CPU.Build.0 = Debug|Any CPU
		{7FBDDFCA-F527-60C2-6903-75BAAE336FE1}.Release|Any CPU.ActiveCfg = Release|Any CPU
		{7FBDDFCA-F527-60C2-6903-75BAAE336FE1}.Release|Any CPU.Build.0 = Release|Any CPU
		{9E686F57-2C1E-A1FA-8677-E6DFC0E799BA}.Debug|Any CPU.ActiveCfg = Debug|Any CPU
		{9E686F57-2C1E-A1FA-8677-E6DFC0E799BA}.Debug|Any CPU.Build.0 = Debug|Any CPU
		{9E686F57-2C1E-A1FA-8677-E6DFC0E799BA}.Release|Any CPU.ActiveCfg = Release|Any CPU
		{9E686F57-2C1E-A1FA-8677-E6DFC0E799BA}.Release|Any CPU.Build.0 = Release|Any CPU
		{D8F171C7-29CE-37BF-B5EA-225A2CA74D3B}.Debug|Any CPU.ActiveCfg = Debug|Any CPU
		{D8F171C7-29CE-37BF-B5EA-225A2CA74D3B}.Debug|Any CPU.Build.0 = Debug|Any CPU
		{D8F171C7-29CE-37BF-B5EA-225A2CA74D3B}.Release|Any CPU.ActiveCfg = Release|Any CPU
		{D8F171C7-29CE-37BF-B5EA-225A2CA74D3B}.Release|Any CPU.Build.0 = Release|Any CPU
	EndGlobalSection
	GlobalSection(SolutionProperties) = preSolution
		HideSolutionNode = FALSE
	EndGlobalSection
	GlobalSection(MonoDevelopProperties) = preSolution
		StartupItem = Assembly-CSharp.csproj
	EndGlobalSection
EndGlobal
