
Microsoft Visual Studio Solution File, Format Version 11.00
# Visual Studio 2010
Project("{FAE04EC0-301F-11D3-BF4B-00C04F79EFBC}") = "Assembly-CSharp-firstpass", "Assembly-CSharp-firstpass.csproj", "{5801AA13-48FF-553C-363B-2AF0C047A348}"
EndProject
Project("{FAE04EC0-301F-11D3-BF4B-00C04F79EFBC}") = "Assembly-CSharp", "Assembly-CSharp.csproj", "{53BACCAC-638E-D344-3565-DC1C2BEB83B9}"
EndProject
Project("{FAE04EC0-301F-11D3-BF4B-00C04F79EFBC}") = "Assembly-CSharp-Editor-firstpass", "Assembly-CSharp-Editor-firstpass.csproj", "{0BF7FE07-44FA-AEA9-C2C2-6A46CB1466CD}"
EndProject
Global
	GlobalSection(SolutionConfigurationPlatforms) = preSolution
		Debug|Any CPU = Debug|Any CPU
		Release|Any CPU = Release|Any CPU
	EndGlobalSection
	GlobalSection(ProjectConfigurationPlatforms) = postSolution
		{5801AA13-48FF-553C-363B-2AF0C047A348}.Debug|Any CPU.ActiveCfg = Debug|Any CPU
		{5801AA13-48FF-553C-363B-2AF0C047A348}.Debug|Any CPU.Build.0 = Debug|Any CPU
		{5801AA13-48FF-553C-363B-2AF0C047A348}.Release|Any CPU.ActiveCfg = Release|Any CPU
		{5801AA13-48FF-553C-363B-2AF0C047A348}.Release|Any CPU.Build.0 = Release|Any CPU
		{53BACCAC-638E-D344-3565-DC1C2BEB83B9}.Debug|Any CPU.ActiveCfg = Debug|Any CPU
		{53BACCAC-638E-D344-3565-DC1C2BEB83B9}.Debug|Any CPU.Build.0 = Debug|Any CPU
		{53BACCAC-638E-D344-3565-DC1C2BEB83B9}.Release|Any CPU.ActiveCfg = Release|Any CPU
		{53BACCAC-638E-D344-3565-DC1C2BEB83B9}.Release|Any CPU.Build.0 = Release|Any CPU
		{0BF7FE07-44FA-AEA9-C2C2-6A46CB1466CD}.Debug|Any CPU.ActiveCfg = Debug|Any CPU
		{0BF7FE07-44FA-AEA9-C2C2-6A46CB1466CD}.Debug|Any CPU.Build.0 = Debug|Any CPU
		{0BF7FE07-44FA-AEA9-C2C2-6A46CB1466CD}.Release|Any CPU.ActiveCfg = Release|Any CPU
		{0BF7FE07-44FA-AEA9-C2C2-6A46CB1466CD}.Release|Any CPU.Build.0 = Release|Any CPU
	EndGlobalSection
	GlobalSection(SolutionProperties) = preSolution
		HideSolutionNode = FALSE
	EndGlobalSection
	GlobalSection(MonoDevelopProperties) = preSolution
		StartupItem = Assembly-CSharp.csproj
	EndGlobalSection
EndGlobal
